// !$*UTF8*$!
{
	archiveVersion = 1;
	classes = {
	};
	objectVersion = 48;
	objects = {

/* Begin PBXBuildFile section */
		1E2DB54E287D3C2A69AAA840 /* libPods-Food Stand.a in Frameworks */ = {isa = PBXBuildFile; fileRef = 4105EA6C4CCD8BF442D2AC6E /* libPods-Food Stand.a */; };
		D46059AC1F7069BC0030D3D7 /* References.m in Sources */ = {isa = PBXBuildFile; fileRef = D46059AB1F7069BC0030D3D7 /* References.m */; };
		D46059B21F70714E0030D3D7 /* logo.png in Resources */ = {isa = PBXBuildFile; fileRef = D46059B11F70714A0030D3D7 /* logo.png */; };
		D46059B81F707C750030D3D7 /* add.png in Resources */ = {isa = PBXBuildFile; fileRef = D46059B61F707C680030D3D7 /* add.png */; };
		D46059B91F707C750030D3D7 /* cookies.png in Resources */ = {isa = PBXBuildFile; fileRef = D46059B51F707C680030D3D7 /* cookies.png */; };
		D46059BA1F707C750030D3D7 /* profile.png in Resources */ = {isa = PBXBuildFile; fileRef = D46059B71F707C680030D3D7 /* profile.png */; };
		D46059BD1F707CA50030D3D7 /* feedView.m in Sources */ = {isa = PBXBuildFile; fileRef = D46059BC1F707CA50030D3D7 /* feedView.m */; };
		D46059C01F707E2A0030D3D7 /* Main.storyboard in Resources */ = {isa = PBXBuildFile; fileRef = D46059BF1F707CF80030D3D7 /* Main.storyboard */; };
		D46059C21F70892A0030D3D7 /* search.png in Resources */ = {isa = PBXBuildFile; fileRef = D46059C11F7088EA0030D3D7 /* search.png */; };
		D46059C71F708BD20030D3D7 /* cookies.jpg in Resources */ = {isa = PBXBuildFile; fileRef = D46059C61F708BCB0030D3D7 /* cookies.jpg */; };
		D46059CA1F708C170030D3D7 /* foodItem.m in Sources */ = {isa = PBXBuildFile; fileRef = D46059C91F708C170030D3D7 /* foodItem.m */; };
		D46059CE1F708D280030D3D7 /* feedCell.m in Sources */ = {isa = PBXBuildFile; fileRef = D46059CC1F708D280030D3D7 /* feedCell.m */; };
		D46059CF1F708D280030D3D7 /* feedCell.xib in Resources */ = {isa = PBXBuildFile; fileRef = D46059CD1F708D280030D3D7 /* feedCell.xib */; };
		D46059FB1F70CAA40030D3D7 /* muffin.jpeg in Resources */ = {isa = PBXBuildFile; fileRef = D46059FA1F70CA980030D3D7 /* muffin.jpeg */; };
		D46059FD1F70D0740030D3D7 /* cinnabon.jpeg in Resources */ = {isa = PBXBuildFile; fileRef = D46059FC1F70D0680030D3D7 /* cinnabon.jpeg */; };
		D4835DCC1F718D6E00F1FF61 /* UIColor+YUVSpace.m in Sources */ = {isa = PBXBuildFile; fileRef = D4835DC81F718D6E00F1FF61 /* UIColor+YUVSpace.m */; };
		D4835DCD1F718D6E00F1FF61 /* LEColorPicker.m in Sources */ = {isa = PBXBuildFile; fileRef = D4835DCB1F718D6E00F1FF61 /* LEColorPicker.m */; };
		D4835DD51F719E1800F1FF61 /* dairy.png in Resources */ = {isa = PBXBuildFile; fileRef = D4835DD11F719E0E00F1FF61 /* dairy.png */; };
		D4835DD61F719E1800F1FF61 /* delivery.png in Resources */ = {isa = PBXBuildFile; fileRef = D4835DD01F719E0E00F1FF61 /* delivery.png */; };
		D4835DD71F719E1800F1FF61 /* milk.png in Resources */ = {isa = PBXBuildFile; fileRef = D4835DD41F719E0E00F1FF61 /* milk.png */; };
		D4835DD81F719E1800F1FF61 /* nut.png in Resources */ = {isa = PBXBuildFile; fileRef = D4835DD31F719E0E00F1FF61 /* nut.png */; };
		D4835DD91F719E1800F1FF61 /* pickup.png in Resources */ = {isa = PBXBuildFile; fileRef = D4835DCE1F719E0E00F1FF61 /* pickup.png */; };
		D4835DDA1F719E1800F1FF61 /* sugar.png in Resources */ = {isa = PBXBuildFile; fileRef = D4835DCF1F719E0E00F1FF61 /* sugar.png */; };
		D4835DDB1F719E1800F1FF61 /* wheat.png in Resources */ = {isa = PBXBuildFile; fileRef = D4835DD21F719E0E00F1FF61 /* wheat.png */; };
		D4A80AE81F7065DF005926B2 /* AppDelegate.m in Sources */ = {isa = PBXBuildFile; fileRef = D4A80AE71F7065DF005926B2 /* AppDelegate.m */; };
		D4A80AEB1F7065DF005926B2 /* ViewController.m in Sources */ = {isa = PBXBuildFile; fileRef = D4A80AEA1F7065DF005926B2 /* ViewController.m */; };
		D4A80AF01F7065DF005926B2 /* Assets.xcassets in Resources */ = {isa = PBXBuildFile; fileRef = D4A80AEF1F7065DF005926B2 /* Assets.xcassets */; };
		D4A80AF31F7065DF005926B2 /* LaunchScreen.storyboard in Resources */ = {isa = PBXBuildFile; fileRef = D4A80AF11F7065DF005926B2 /* LaunchScreen.storyboard */; };
		D4A80AF61F7065DF005926B2 /* main.m in Sources */ = {isa = PBXBuildFile; fileRef = D4A80AF51F7065DF005926B2 /* main.m */; };
		D4DB4A6E1F71DE120095BB6B /* CloudKit.framework in Frameworks */ = {isa = PBXBuildFile; fileRef = D4DB4A6D1F71DE120095BB6B /* CloudKit.framework */; };
		D4DB4A711F71EACE0095BB6B /* pay.jpeg in Resources */ = {isa = PBXBuildFile; fileRef = D4DB4A701F71E9900095BB6B /* pay.jpeg */; };
/* End PBXBuildFile section */

/* Begin PBXFileReference section */
		4105EA6C4CCD8BF442D2AC6E /* libPods-Food Stand.a */ = {isa = PBXFileReference; explicitFileType = archive.ar; includeInIndex = 0; path = "libPods-Food Stand.a"; sourceTree = BUILT_PRODUCTS_DIR; };
		8FFC235949530DACE1FD271F /* Pods-Food Stand.debug.xcconfig */ = {isa = PBXFileReference; includeInIndex = 1; lastKnownFileType = text.xcconfig; name = "Pods-Food Stand.debug.xcconfig"; path = "Pods/Target Support Files/Pods-Food Stand/Pods-Food Stand.debug.xcconfig"; sourceTree = "<group>"; };
		BB8CF75FE6447C6CD223DBF7 /* Pods-Food Stand.release.xcconfig */ = {isa = PBXFileReference; includeInIndex = 1; lastKnownFileType = text.xcconfig; name = "Pods-Food Stand.release.xcconfig"; path = "Pods/Target Support Files/Pods-Food Stand/Pods-Food Stand.release.xcconfig"; sourceTree = "<group>"; };
		D46059AA1F7069BC0030D3D7 /* References.h */ = {isa = PBXFileReference; lastKnownFileType = sourcecode.c.h; path = References.h; sourceTree = "<group>"; };
		D46059AB1F7069BC0030D3D7 /* References.m */ = {isa = PBXFileReference; lastKnownFileType = sourcecode.c.objc; path = References.m; sourceTree = "<group>"; };
		D46059AD1F706C240030D3D7 /* CoreLocation.framework */ = {isa = PBXFileReference; lastKnownFileType = wrapper.framework; name = CoreLocation.framework; path = System/Library/Frameworks/CoreLocation.framework; sourceTree = SDKROOT; };
		D46059AE1F706C2A0030D3D7 /* MapKit.framework */ = {isa = PBXFileReference; lastKnownFileType = wrapper.framework; name = MapKit.framework; path = System/Library/Frameworks/MapKit.framework; sourceTree = SDKROOT; };
		D46059B11F70714A0030D3D7 /* logo.png */ = {isa = PBXFileReference; lastKnownFileType = image.png; path = logo.png; sourceTree = "<group>"; };
		D46059B31F7077FD0030D3D7 /* UserNotifications.framework */ = {isa = PBXFileReference; lastKnownFileType = wrapper.framework; name = UserNotifications.framework; path = System/Library/Frameworks/UserNotifications.framework; sourceTree = SDKROOT; };
		D46059B41F7078350030D3D7 /* Food Stand.entitlements */ = {isa = PBXFileReference; lastKnownFileType = text.plist.entitlements; path = "Food Stand.entitlements"; sourceTree = "<group>"; };
		D46059B51F707C680030D3D7 /* cookies.png */ = {isa = PBXFileReference; lastKnownFileType = image.png; path = cookies.png; sourceTree = "<group>"; };
		D46059B61F707C680030D3D7 /* add.png */ = {isa = PBXFileReference; lastKnownFileType = image.png; path = add.png; sourceTree = "<group>"; };
		D46059B71F707C680030D3D7 /* profile.png */ = {isa = PBXFileReference; lastKnownFileType = image.png; path = profile.png; sourceTree = "<group>"; };
		D46059BB1F707CA50030D3D7 /* feedView.h */ = {isa = PBXFileReference; lastKnownFileType = sourcecode.c.h; path = feedView.h; sourceTree = "<group>"; };
		D46059BC1F707CA50030D3D7 /* feedView.m */ = {isa = PBXFileReference; lastKnownFileType = sourcecode.c.objc; path = feedView.m; sourceTree = "<group>"; };
		D46059BF1F707CF80030D3D7 /* Main.storyboard */ = {isa = PBXFileReference; lastKnownFileType = file.storyboard; path = Main.storyboard; sourceTree = "<group>"; };
		D46059C11F7088EA0030D3D7 /* search.png */ = {isa = PBXFileReference; lastKnownFileType = image.png; path = search.png; sourceTree = "<group>"; };
		D46059C61F708BCB0030D3D7 /* cookies.jpg */ = {isa = PBXFileReference; lastKnownFileType = image.jpeg; path = cookies.jpg; sourceTree = "<group>"; };
		D46059C81F708C170030D3D7 /* foodItem.h */ = {isa = PBXFileReference; lastKnownFileType = sourcecode.c.h; path = foodItem.h; sourceTree = "<group>"; };
		D46059C91F708C170030D3D7 /* foodItem.m */ = {isa = PBXFileReference; lastKnownFileType = sourcecode.c.objc; path = foodItem.m; sourceTree = "<group>"; };
		D46059CB1F708D280030D3D7 /* feedCell.h */ = {isa = PBXFileReference; lastKnownFileType = sourcecode.c.h; path = feedCell.h; sourceTree = "<group>"; };
		D46059CC1F708D280030D3D7 /* feedCell.m */ = {isa = PBXFileReference; lastKnownFileType = sourcecode.c.objc; path = feedCell.m; sourceTree = "<group>"; };
		D46059CD1F708D280030D3D7 /* feedCell.xib */ = {isa = PBXFileReference; lastKnownFileType = file.xib; path = feedCell.xib; sourceTree = "<group>"; };
		D46059FA1F70CA980030D3D7 /* muffin.jpeg */ = {isa = PBXFileReference; lastKnownFileType = image.jpeg; path = muffin.jpeg; sourceTree = "<group>"; };
		D46059FC1F70D0680030D3D7 /* cinnabon.jpeg */ = {isa = PBXFileReference; lastKnownFileType = image.jpeg; path = cinnabon.jpeg; sourceTree = "<group>"; };
		D4835DBF1F718CD200F1FF61 /* OpenGLES.framework */ = {isa = PBXFileReference; lastKnownFileType = wrapper.framework; name = OpenGLES.framework; path = System/Library/Frameworks/OpenGLES.framework; sourceTree = SDKROOT; };
		D4835DC81F718D6E00F1FF61 /* UIColor+YUVSpace.m */ = {isa = PBXFileReference; fileEncoding = 4; lastKnownFileType = sourcecode.c.objc; name = "UIColor+YUVSpace.m"; path = "../../../Downloads/LEColorPicker-master/LEColorPicker/UIColor+YUVSpace.m"; sourceTree = "<group>"; };
		D4835DC91F718D6E00F1FF61 /* LEColorPicker.h */ = {isa = PBXFileReference; fileEncoding = 4; lastKnownFileType = sourcecode.c.h; name = LEColorPicker.h; path = "../../../Downloads/LEColorPicker-master/LEColorPicker/LEColorPicker.h"; sourceTree = "<group>"; };
		D4835DCA1F718D6E00F1FF61 /* UIColor+YUVSpace.h */ = {isa = PBXFileReference; fileEncoding = 4; lastKnownFileType = sourcecode.c.h; name = "UIColor+YUVSpace.h"; path = "../../../Downloads/LEColorPicker-master/LEColorPicker/UIColor+YUVSpace.h"; sourceTree = "<group>"; };
		D4835DCB1F718D6E00F1FF61 /* LEColorPicker.m */ = {isa = PBXFileReference; fileEncoding = 4; lastKnownFileType = sourcecode.c.objc; name = LEColorPicker.m; path = "../../../Downloads/LEColorPicker-master/LEColorPicker/LEColorPicker.m"; sourceTree = "<group>"; };
		D4835DCE1F719E0E00F1FF61 /* pickup.png */ = {isa = PBXFileReference; lastKnownFileType = image.png; path = pickup.png; sourceTree = "<group>"; };
		D4835DCF1F719E0E00F1FF61 /* sugar.png */ = {isa = PBXFileReference; lastKnownFileType = image.png; path = sugar.png; sourceTree = "<group>"; };
		D4835DD01F719E0E00F1FF61 /* delivery.png */ = {isa = PBXFileReference; lastKnownFileType = image.png; path = delivery.png; sourceTree = "<group>"; };
		D4835DD11F719E0E00F1FF61 /* dairy.png */ = {isa = PBXFileReference; lastKnownFileType = image.png; path = dairy.png; sourceTree = "<group>"; };
		D4835DD21F719E0E00F1FF61 /* wheat.png */ = {isa = PBXFileReference; lastKnownFileType = image.png; path = wheat.png; sourceTree = "<group>"; };
		D4835DD31F719E0E00F1FF61 /* nut.png */ = {isa = PBXFileReference; lastKnownFileType = image.png; path = nut.png; sourceTree = "<group>"; };
		D4835DD41F719E0E00F1FF61 /* milk.png */ = {isa = PBXFileReference; lastKnownFileType = image.png; path = milk.png; sourceTree = "<group>"; };
		D4A80AE31F7065DF005926B2 /* Food Stand.app */ = {isa = PBXFileReference; explicitFileType = wrapper.application; includeInIndex = 0; path = "Food Stand.app"; sourceTree = BUILT_PRODUCTS_DIR; };
		D4A80AE61F7065DF005926B2 /* AppDelegate.h */ = {isa = PBXFileReference; lastKnownFileType = sourcecode.c.h; path = AppDelegate.h; sourceTree = "<group>"; };
		D4A80AE71F7065DF005926B2 /* AppDelegate.m */ = {isa = PBXFileReference; lastKnownFileType = sourcecode.c.objc; path = AppDelegate.m; sourceTree = "<group>"; };
		D4A80AE91F7065DF005926B2 /* ViewController.h */ = {isa = PBXFileReference; lastKnownFileType = sourcecode.c.h; path = ViewController.h; sourceTree = "<group>"; };
		D4A80AEA1F7065DF005926B2 /* ViewController.m */ = {isa = PBXFileReference; lastKnownFileType = sourcecode.c.objc; path = ViewController.m; sourceTree = "<group>"; };
		D4A80AEF1F7065DF005926B2 /* Assets.xcassets */ = {isa = PBXFileReference; lastKnownFileType = folder.assetcatalog; path = Assets.xcassets; sourceTree = "<group>"; };
		D4A80AF21F7065DF005926B2 /* Base */ = {isa = PBXFileReference; lastKnownFileType = file.storyboard; name = Base; path = Base.lproj/LaunchScreen.storyboard; sourceTree = "<group>"; };
		D4A80AF41F7065DF005926B2 /* Info.plist */ = {isa = PBXFileReference; lastKnownFileType = text.plist.xml; path = Info.plist; sourceTree = "<group>"; };
		D4A80AF51F7065DF005926B2 /* main.m */ = {isa = PBXFileReference; lastKnownFileType = sourcecode.c.objc; path = main.m; sourceTree = "<group>"; };
		D4DB4A6D1F71DE120095BB6B /* CloudKit.framework */ = {isa = PBXFileReference; lastKnownFileType = wrapper.framework; name = CloudKit.framework; path = System/Library/Frameworks/CloudKit.framework; sourceTree = SDKROOT; };
		D4DB4A6F1F71E83E0095BB6B /* PassKit.framework */ = {isa = PBXFileReference; lastKnownFileType = wrapper.framework; name = PassKit.framework; path = System/Library/Frameworks/PassKit.framework; sourceTree = SDKROOT; };
		D4DB4A701F71E9900095BB6B /* pay.jpeg */ = {isa = PBXFileReference; lastKnownFileType = image.jpeg; path = pay.jpeg; sourceTree = "<group>"; };
		D4F91F3E1F70662D009382A0 /* Podfile */ = {isa = PBXFileReference; lastKnownFileType = text; path = Podfile; sourceTree = "<group>"; };
/* End PBXFileReference section */

/* Begin PBXFrameworksBuildPhase section */
		D4A80AE01F7065DF005926B2 /* Frameworks */ = {
			isa = PBXFrameworksBuildPhase;
			buildActionMask = 2147483647;
			files = (
				1E2DB54E287D3C2A69AAA840 /* libPods-Food Stand.a in Frameworks */,
				D4DB4A6E1F71DE120095BB6B /* CloudKit.framework in Frameworks */,
			);
			runOnlyForDeploymentPostprocessing = 0;
		};
/* End PBXFrameworksBuildPhase section */

/* Begin PBXGroup section */
		0E7768F674B7EB5C12A6C2EB /* Pods */ = {
			isa = PBXGroup;
			children = (
				8FFC235949530DACE1FD271F /* Pods-Food Stand.debug.xcconfig */,
				BB8CF75FE6447C6CD223DBF7 /* Pods-Food Stand.release.xcconfig */,
			);
			name = Pods;
			sourceTree = "<group>";
		};
		910211CDEC6F73916131582F /* Frameworks */ = {
			isa = PBXGroup;
			children = (
				D4DB4A6F1F71E83E0095BB6B /* PassKit.framework */,
				D4DB4A6D1F71DE120095BB6B /* CloudKit.framework */,
				D4835DBF1F718CD200F1FF61 /* OpenGLES.framework */,
				D46059B31F7077FD0030D3D7 /* UserNotifications.framework */,
				D46059AE1F706C2A0030D3D7 /* MapKit.framework */,
				D46059AD1F706C240030D3D7 /* CoreLocation.framework */,
				4105EA6C4CCD8BF442D2AC6E /* libPods-Food Stand.a */,
			);
			name = Frameworks;
			sourceTree = "<group>";
		};
		D46059BE1F707CAE0030D3D7 /* Assets */ = {
			isa = PBXGroup;
			children = (
				D4DB4A701F71E9900095BB6B /* pay.jpeg */,
				D4835DD11F719E0E00F1FF61 /* dairy.png */,
				D4835DD01F719E0E00F1FF61 /* delivery.png */,
				D4835DD41F719E0E00F1FF61 /* milk.png */,
				D4835DD31F719E0E00F1FF61 /* nut.png */,
				D4835DCE1F719E0E00F1FF61 /* pickup.png */,
				D4835DCF1F719E0E00F1FF61 /* sugar.png */,
				D4835DD21F719E0E00F1FF61 /* wheat.png */,
				D46059FC1F70D0680030D3D7 /* cinnabon.jpeg */,
				D46059FA1F70CA980030D3D7 /* muffin.jpeg */,
				D46059C61F708BCB0030D3D7 /* cookies.jpg */,
				D46059C11F7088EA0030D3D7 /* search.png */,
				D46059B11F70714A0030D3D7 /* logo.png */,
				D46059B61F707C680030D3D7 /* add.png */,
				D46059B51F707C680030D3D7 /* cookies.png */,
				D46059B71F707C680030D3D7 /* profile.png */,
			);
			name = Assets;
			sourceTree = "<group>";
		};
		D46059D61F70A9560030D3D7 /* Colors */ = {
			isa = PBXGroup;
			children = (
			);
			name = Colors;
			sourceTree = "<group>";
		};
		D4A80ADA1F7065DF005926B2 = {
			isa = PBXGroup;
			children = (
				D4F91F3E1F70662D009382A0 /* Podfile */,
				D4A80AE51F7065DF005926B2 /* Food Stand */,
				D4A80AE41F7065DF005926B2 /* Products */,
				0E7768F674B7EB5C12A6C2EB /* Pods */,
				910211CDEC6F73916131582F /* Frameworks */,
			);
			sourceTree = "<group>";
		};
		D4A80AE41F7065DF005926B2 /* Products */ = {
			isa = PBXGroup;
			children = (
				D4A80AE31F7065DF005926B2 /* Food Stand.app */,
			);
			name = Products;
			sourceTree = "<group>";
		};
		D4A80AE51F7065DF005926B2 /* Food Stand */ = {
			isa = PBXGroup;
			children = (
				D4835DC91F718D6E00F1FF61 /* LEColorPicker.h */,
				D4835DCB1F718D6E00F1FF61 /* LEColorPicker.m */,
				D4835DCA1F718D6E00F1FF61 /* UIColor+YUVSpace.h */,
				D4835DC81F718D6E00F1FF61 /* UIColor+YUVSpace.m */,
				D46059D61F70A9560030D3D7 /* Colors */,
				D46059BE1F707CAE0030D3D7 /* Assets */,
				D46059B41F7078350030D3D7 /* Food Stand.entitlements */,
				D4A80AE61F7065DF005926B2 /* AppDelegate.h */,
				D4A80AE71F7065DF005926B2 /* AppDelegate.m */,
				D4A80AE91F7065DF005926B2 /* ViewController.h */,
				D4A80AEA1F7065DF005926B2 /* ViewController.m */,
				D46059BB1F707CA50030D3D7 /* feedView.h */,
				D46059BC1F707CA50030D3D7 /* feedView.m */,
				D46059BF1F707CF80030D3D7 /* Main.storyboard */,
				D4A80AEF1F7065DF005926B2 /* Assets.xcassets */,
				D4A80AF11F7065DF005926B2 /* LaunchScreen.storyboard */,
				D4A80AF41F7065DF005926B2 /* Info.plist */,
				D4A80AF51F7065DF005926B2 /* main.m */,
				D46059AA1F7069BC0030D3D7 /* References.h */,
				D46059AB1F7069BC0030D3D7 /* References.m */,
				D46059C81F708C170030D3D7 /* foodItem.h */,
				D46059C91F708C170030D3D7 /* foodItem.m */,
				D46059CB1F708D280030D3D7 /* feedCell.h */,
				D46059CC1F708D280030D3D7 /* feedCell.m */,
				D46059CD1F708D280030D3D7 /* feedCell.xib */,
			);
			path = "Food Stand";
			sourceTree = "<group>";
		};
/* End PBXGroup section */

/* Begin PBXNativeTarget section */
		D4A80AE21F7065DF005926B2 /* Food Stand */ = {
			isa = PBXNativeTarget;
			buildConfigurationList = D4A80AF91F7065DF005926B2 /* Build configuration list for PBXNativeTarget "Food Stand" */;
			buildPhases = (
				E2E2DCA488E55311CBA18C55 /* [CP] Check Pods Manifest.lock */,
				D4A80ADF1F7065DF005926B2 /* Sources */,
				D4A80AE01F7065DF005926B2 /* Frameworks */,
				D4A80AE11F7065DF005926B2 /* Resources */,
				332D8A9F4B96C228504D648F /* [CP] Embed Pods Frameworks */,
				12C9566ED70C422580B1CC54 /* [CP] Copy Pods Resources */,
			);
			buildRules = (
			);
			dependencies = (
			);
			name = "Food Stand";
			productName = "Food Stand";
			productReference = D4A80AE31F7065DF005926B2 /* Food Stand.app */;
			productType = "com.apple.product-type.application";
		};
/* End PBXNativeTarget section */

/* Begin PBXProject section */
		D4A80ADB1F7065DF005926B2 /* Project object */ = {
			isa = PBXProject;
			attributes = {
				LastUpgradeCheck = 0900;
				ORGANIZATIONNAME = "Robert Crosby";
				TargetAttributes = {
					D4A80AE21F7065DF005926B2 = {
						CreatedOnToolsVersion = 9.0;
						SystemCapabilities = {
							com.apple.Push = {
								enabled = 1;
							};
							com.apple.iCloud = {
								enabled = 1;
							};
						};
					};
				};
			};
			buildConfigurationList = D4A80ADE1F7065DF005926B2 /* Build configuration list for PBXProject "Food Stand" */;
			compatibilityVersion = "Xcode 8.0";
			developmentRegion = en;
			hasScannedForEncodings = 0;
			knownRegions = (
				en,
				Base,
			);
			mainGroup = D4A80ADA1F7065DF005926B2;
			productRefGroup = D4A80AE41F7065DF005926B2 /* Products */;
			projectDirPath = "";
			projectRoot = "";
			targets = (
				D4A80AE21F7065DF005926B2 /* Food Stand */,
			);
		};
/* End PBXProject section */

/* Begin PBXResourcesBuildPhase section */
		D4A80AE11F7065DF005926B2 /* Resources */ = {
			isa = PBXResourcesBuildPhase;
			buildActionMask = 2147483647;
			files = (
				D4DB4A711F71EACE0095BB6B /* pay.jpeg in Resources */,
				D4835DD51F719E1800F1FF61 /* dairy.png in Resources */,
				D4835DD61F719E1800F1FF61 /* delivery.png in Resources */,
				D4835DD71F719E1800F1FF61 /* milk.png in Resources */,
				D4835DD81F719E1800F1FF61 /* nut.png in Resources */,
				D4835DD91F719E1800F1FF61 /* pickup.png in Resources */,
				D4835DDA1F719E1800F1FF61 /* sugar.png in Resources */,
				D4835DDB1F719E1800F1FF61 /* wheat.png in Resources */,
				D46059FD1F70D0740030D3D7 /* cinnabon.jpeg in Resources */,
				D46059FB1F70CAA40030D3D7 /* muffin.jpeg in Resources */,
				D46059C71F708BD20030D3D7 /* cookies.jpg in Resources */,
				D46059C21F70892A0030D3D7 /* search.png in Resources */,
				D46059C01F707E2A0030D3D7 /* Main.storyboard in Resources */,
				D46059B81F707C750030D3D7 /* add.png in Resources */,
				D46059B91F707C750030D3D7 /* cookies.png in Resources */,
				D46059CF1F708D280030D3D7 /* feedCell.xib in Resources */,
				D46059BA1F707C750030D3D7 /* profile.png in Resources */,
				D46059B21F70714E0030D3D7 /* logo.png in Resources */,
				D4A80AF31F7065DF005926B2 /* LaunchScreen.storyboard in Resources */,
				D4A80AF01F7065DF005926B2 /* Assets.xcassets in Resources */,
			);
			runOnlyForDeploymentPostprocessing = 0;
		};
/* End PBXResourcesBuildPhase section */

/* Begin PBXShellScriptBuildPhase section */
		12C9566ED70C422580B1CC54 /* [CP] Copy Pods Resources */ = {
			isa = PBXShellScriptBuildPhase;
			buildActionMask = 2147483647;
			files = (
			);
			inputPaths = (
				"${SRCROOT}/Pods/Target Support Files/Pods-Food Stand/Pods-Food Stand-resources.sh",
				"${PODS_ROOT}/FBSDKCoreKit/FacebookSDKStrings.bundle",
			);
			name = "[CP] Copy Pods Resources";
			outputPaths = (
				"${TARGET_BUILD_DIR}/${UNLOCALIZED_RESOURCES_FOLDER_PATH}",
			);
			runOnlyForDeploymentPostprocessing = 0;
			shellPath = /bin/sh;
			shellScript = "\"${SRCROOT}/Pods/Target Support Files/Pods-Food Stand/Pods-Food Stand-resources.sh\"\n";
			showEnvVarsInLog = 0;
		};
		332D8A9F4B96C228504D648F /* [CP] Embed Pods Frameworks */ = {
			isa = PBXShellScriptBuildPhase;
			buildActionMask = 2147483647;
			files = (
			);
			inputPaths = (
			);
			name = "[CP] Embed Pods Frameworks";
			outputPaths = (
			);
			runOnlyForDeploymentPostprocessing = 0;
			shellPath = /bin/sh;
			shellScript = "\"${SRCROOT}/Pods/Target Support Files/Pods-Food Stand/Pods-Food Stand-frameworks.sh\"\n";
			showEnvVarsInLog = 0;
		};
		E2E2DCA488E55311CBA18C55 /* [CP] Check Pods Manifest.lock */ = {
			isa = PBXShellScriptBuildPhase;
			buildActionMask = 2147483647;
			files = (
			);
			inputPaths = (
				"${PODS_PODFILE_DIR_PATH}/Podfile.lock",
				"${PODS_ROOT}/Manifest.lock",
			);
			name = "[CP] Check Pods Manifest.lock";
			outputPaths = (
				"$(DERIVED_FILE_DIR)/Pods-Food Stand-checkManifestLockResult.txt",
			);
			runOnlyForDeploymentPostprocessing = 0;
			shellPath = /bin/sh;
			shellScript = "diff \"${PODS_PODFILE_DIR_PATH}/Podfile.lock\" \"${PODS_ROOT}/Manifest.lock\" > /dev/null\nif [ $? != 0 ] ; then\n    # print error to STDERR\n    echo \"error: The sandbox is not in sync with the Podfile.lock. Run 'pod install' or update your CocoaPods installation.\" >&2\n    exit 1\nfi\n# This output is used by Xcode 'outputs' to avoid re-running this script phase.\necho \"SUCCESS\" > \"${SCRIPT_OUTPUT_FILE_0}\"\n";
			showEnvVarsInLog = 0;
		};
/* End PBXShellScriptBuildPhase section */

/* Begin PBXSourcesBuildPhase section */
		D4A80ADF1F7065DF005926B2 /* Sources */ = {
			isa = PBXSourcesBuildPhase;
			buildActionMask = 2147483647;
			files = (
				D46059CE1F708D280030D3D7 /* feedCell.m in Sources */,
				D4A80AEB1F7065DF005926B2 /* ViewController.m in Sources */,
				D46059AC1F7069BC0030D3D7 /* References.m in Sources */,
				D46059CA1F708C170030D3D7 /* foodItem.m in Sources */,
				D4A80AF61F7065DF005926B2 /* main.m in Sources */,
				D4835DCC1F718D6E00F1FF61 /* UIColor+YUVSpace.m in Sources */,
				D4835DCD1F718D6E00F1FF61 /* LEColorPicker.m in Sources */,
				D46059BD1F707CA50030D3D7 /* feedView.m in Sources */,
				D4A80AE81F7065DF005926B2 /* AppDelegate.m in Sources */,
			);
			runOnlyForDeploymentPostprocessing = 0;
		};
/* End PBXSourcesBuildPhase section */

/* Begin PBXVariantGroup section */
		D4A80AF11F7065DF005926B2 /* LaunchScreen.storyboard */ = {
			isa = PBXVariantGroup;
			children = (
				D4A80AF21F7065DF005926B2 /* Base */,
			);
			name = LaunchScreen.storyboard;
			sourceTree = "<group>";
		};
/* End PBXVariantGroup section */

/* Begin XCBuildConfiguration section */
		D4A80AF71F7065DF005926B2 /* Debug */ = {
			isa = XCBuildConfiguration;
			buildSettings = {
				ALWAYS_SEARCH_USER_PATHS = NO;
				CLANG_ANALYZER_NONNULL = YES;
				CLANG_ANALYZER_NUMBER_OBJECT_CONVERSION = YES_AGGRESSIVE;
				CLANG_CXX_LANGUAGE_STANDARD = "gnu++14";
				CLANG_CXX_LIBRARY = "libc++";
				CLANG_ENABLE_MODULES = YES;
				CLANG_ENABLE_OBJC_ARC = YES;
				CLANG_WARN_BLOCK_CAPTURE_AUTORELEASING = YES;
				CLANG_WARN_BOOL_CONVERSION = YES;
				CLANG_WARN_COMMA = YES;
				CLANG_WARN_CONSTANT_CONVERSION = YES;
				CLANG_WARN_DIRECT_OBJC_ISA_USAGE = YES_ERROR;
				CLANG_WARN_DOCUMENTATION_COMMENTS = YES;
				CLANG_WARN_EMPTY_BODY = YES;
				CLANG_WARN_ENUM_CONVERSION = YES;
				CLANG_WARN_INFINITE_RECURSION = YES;
				CLANG_WARN_INT_CONVERSION = YES;
				CLANG_WARN_NON_LITERAL_NULL_CONVERSION = YES;
				CLANG_WARN_OBJC_LITERAL_CONVERSION = YES;
				CLANG_WARN_OBJC_ROOT_CLASS = YES_ERROR;
				CLANG_WARN_RANGE_LOOP_ANALYSIS = YES;
				CLANG_WARN_STRICT_PROTOTYPES = YES;
				CLANG_WARN_SUSPICIOUS_MOVE = YES;
				CLANG_WARN_UNGUARDED_AVAILABILITY = YES_AGGRESSIVE;
				CLANG_WARN_UNREACHABLE_CODE = YES;
				CLANG_WARN__DUPLICATE_METHOD_MATCH = YES;
				CODE_SIGN_IDENTITY = "iPhone Developer";
				COPY_PHASE_STRIP = NO;
				DEBUG_INFORMATION_FORMAT = dwarf;
				ENABLE_STRICT_OBJC_MSGSEND = YES;
				ENABLE_TESTABILITY = YES;
				GCC_C_LANGUAGE_STANDARD = gnu11;
				GCC_DYNAMIC_NO_PIC = NO;
				GCC_NO_COMMON_BLOCKS = YES;
				GCC_OPTIMIZATION_LEVEL = 0;
				GCC_PREPROCESSOR_DEFINITIONS = (
					"DEBUG=1",
					"$(inherited)",
				);
				GCC_WARN_64_TO_32_BIT_CONVERSION = YES;
				GCC_WARN_ABOUT_RETURN_TYPE = YES_ERROR;
				GCC_WARN_UNDECLARED_SELECTOR = YES;
				GCC_WARN_UNINITIALIZED_AUTOS = YES_AGGRESSIVE;
				GCC_WARN_UNUSED_FUNCTION = YES;
				GCC_WARN_UNUSED_VARIABLE = YES;
				IPHONEOS_DEPLOYMENT_TARGET = 11.0;
				MTL_ENABLE_DEBUG_INFO = YES;
				ONLY_ACTIVE_ARCH = YES;
				SDKROOT = iphoneos;
			};
			name = Debug;
		};
		D4A80AF81F7065DF005926B2 /* Release */ = {
			isa = XCBuildConfiguration;
			buildSettings = {
				ALWAYS_SEARCH_USER_PATHS = NO;
				CLANG_ANALYZER_NONNULL = YES;
				CLANG_ANALYZER_NUMBER_OBJECT_CONVERSION = YES_AGGRESSIVE;
				CLANG_CXX_LANGUAGE_STANDARD = "gnu++14";
				CLANG_CXX_LIBRARY = "libc++";
				CLANG_ENABLE_MODULES = YES;
				CLANG_ENABLE_OBJC_ARC = YES;
				CLANG_WARN_BLOCK_CAPTURE_AUTORELEASING = YES;
				CLANG_WARN_BOOL_CONVERSION = YES;
				CLANG_WARN_COMMA = YES;
				CLANG_WARN_CONSTANT_CONVERSION = YES;
				CLANG_WARN_DIRECT_OBJC_ISA_USAGE = YES_ERROR;
				CLANG_WARN_DOCUMENTATION_COMMENTS = YES;
				CLANG_WARN_EMPTY_BODY = YES;
				CLANG_WARN_ENUM_CONVERSION = YES;
				CLANG_WARN_INFINITE_RECURSION = YES;
				CLANG_WARN_INT_CONVERSION = YES;
				CLANG_WARN_NON_LITERAL_NULL_CONVERSION = YES;
				CLANG_WARN_OBJC_LITERAL_CONVERSION = YES;
				CLANG_WARN_OBJC_ROOT_CLASS = YES_ERROR;
				CLANG_WARN_RANGE_LOOP_ANALYSIS = YES;
				CLANG_WARN_STRICT_PROTOTYPES = YES;
				CLANG_WARN_SUSPICIOUS_MOVE = YES;
				CLANG_WARN_UNGUARDED_AVAILABILITY = YES_AGGRESSIVE;
				CLANG_WARN_UNREACHABLE_CODE = YES;
				CLANG_WARN__DUPLICATE_METHOD_MATCH = YES;
				CODE_SIGN_IDENTITY = "iPhone Developer";
				COPY_PHASE_STRIP = NO;
				DEBUG_INFORMATION_FORMAT = "dwarf-with-dsym";
				ENABLE_NS_ASSERTIONS = NO;
				ENABLE_STRICT_OBJC_MSGSEND = YES;
				GCC_C_LANGUAGE_STANDARD = gnu11;
				GCC_NO_COMMON_BLOCKS = YES;
				GCC_WARN_64_TO_32_BIT_CONVERSION = YES;
				GCC_WARN_ABOUT_RETURN_TYPE = YES_ERROR;
				GCC_WARN_UNDECLARED_SELECTOR = YES;
				GCC_WARN_UNINITIALIZED_AUTOS = YES_AGGRESSIVE;
				GCC_WARN_UNUSED_FUNCTION = YES;
				GCC_WARN_UNUSED_VARIABLE = YES;
				IPHONEOS_DEPLOYMENT_TARGET = 11.0;
				MTL_ENABLE_DEBUG_INFO = NO;
				SDKROOT = iphoneos;
				VALIDATE_PRODUCT = YES;
			};
			name = Release;
		};
		D4A80AFA1F7065DF005926B2 /* Debug */ = {
			isa = XCBuildConfiguration;
			baseConfigurationReference = 8FFC235949530DACE1FD271F /* Pods-Food Stand.debug.xcconfig */;
			buildSettings = {
				ASSETCATALOG_COMPILER_APPICON_NAME = AppIcon;
				CODE_SIGN_ENTITLEMENTS = "Food Stand/Food Stand.entitlements";
				DEVELOPMENT_TEAM = UD5W2M958Y;
				INFOPLIST_FILE = "Food Stand/Info.plist";
				LD_RUNPATH_SEARCH_PATHS = "$(inherited) @executable_path/Frameworks";
				PRODUCT_BUNDLE_IDENTIFIER = "com.fullytoasted.Food-Stand";
				PRODUCT_NAME = "$(TARGET_NAME)";
				TARGETED_DEVICE_FAMILY = "1,2";
				VALID_ARCHS = arm64;
			};
			name = Debug;
		};
		D4A80AFB1F7065DF005926B2 /* Release */ = {
			isa = XCBuildConfiguration;
			baseConfigurationReference = BB8CF75FE6447C6CD223DBF7 /* Pods-Food Stand.release.xcconfig */;
			buildSettings = {
				ASSETCATALOG_COMPILER_APPICON_NAME = AppIcon;
				CODE_SIGN_ENTITLEMENTS = "Food Stand/Food Stand.entitlements";
				DEVELOPMENT_TEAM = UD5W2M958Y;
				INFOPLIST_FILE = "Food Stand/Info.plist";
				LD_RUNPATH_SEARCH_PATHS = "$(inherited) @executable_path/Frameworks";
				PRODUCT_BUNDLE_IDENTIFIER = "com.fullytoasted.Food-Stand";
				PRODUCT_NAME = "$(TARGET_NAME)";
				TARGETED_DEVICE_FAMILY = "1,2";
				VALID_ARCHS = arm64;
			};
			name = Release;
		};
/* End XCBuildConfiguration section */

/* Begin XCConfigurationList section */
		D4A80ADE1F7065DF005926B2 /* Build configuration list for PBXProject "Food Stand" */ = {
			isa = XCConfigurationList;
			buildConfigurations = (
				D4A80AF71F7065DF005926B2 /* Debug */,
				D4A80AF81F7065DF005926B2 /* Release */,
			);
			defaultConfigurationIsVisible = 0;
			defaultConfigurationName = Release;
		};
		D4A80AF91F7065DF005926B2 /* Build configuration list for PBXNativeTarget "Food Stand" */ = {
			isa = XCConfigurationList;
			buildConfigurations = (
				D4A80AFA1F7065DF005926B2 /* Debug */,
				D4A80AFB1F7065DF005926B2 /* Release */,
			);
			defaultConfigurationIsVisible = 0;
			defaultConfigurationName = Release;
		};
/* End XCConfigurationList section */
	};
	rootObject = D4A80ADB1F7065DF005926B2 /* Project object */;
}
